
Microsoft Visual Studio Solution File, Format Version 12.00
# Visual Studio Version 16
VisualStudioVersion = 16.0.31313.79
MinimumVisualStudioVersion = 10.0.40219.1
Project("{FAE04EC0-301F-11D3-BF4B-00C04F79EFBC}") = "IOA.Web", "IOA.Web\IOA.Web.csproj", "{86C3BD6C-BCDB-42B9-AC66-0A7021BAD5F2}"
EndProject
Project("{FAE04EC0-301F-11D3-BF4B-00C04F79EFBC}") = "IOA.Repository", "IOA.DAL\IOA.Repository.csproj", "{BE3A5C3D-E544-4AAF-B2E8-EEB9BA0CE73E}"
EndProject
Project("{FAE04EC0-301F-11D3-BF4B-00C04F79EFBC}") = "IOA.IRepository", "IOA.IRepository\IOA.IRepository.csproj", "{53CCFFD1-147A-4CE9-A648-97E1F1D9277A}"
EndProject
Project("{FAE04EC0-301F-11D3-BF4B-00C04F79EFBC}") = "IOA.Model", "IOA.Model\IOA.Model.csproj", "{F95A8C5B-E483-4F8D-A990-A9ADC707E556}"
EndProject
Project("{FAE04EC0-301F-11D3-BF4B-00C04F79EFBC}") = "IOA.Common", "IOA.Common\IOA.Common.csproj", "{64D81601-8FE9-4C3F-931E-46FF4FEBD6D4}"
EndProject
Global
	GlobalSection(SolutionConfigurationPlatforms) = preSolution
		Debug|Any CPU = Debug|Any CPU
		Release|Any CPU = Release|Any CPU
	EndGlobalSection
	GlobalSection(ProjectConfigurationPlatforms) = postSolution
		{86C3BD6C-BCDB-42B9-AC66-0A7021BAD5F2}.Debug|Any CPU.ActiveCfg = Debug|Any CPU
		{86C3BD6C-BCDB-42B9-AC66-0A7021BAD5F2}.Debug|Any CPU.Build.0 = Debug|Any CPU
		{86C3BD6C-BCDB-42B9-AC66-0A7021BAD5F2}.Release|Any CPU.ActiveCfg = Release|Any CPU
		{86C3BD6C-BCDB-42B9-AC66-0A7021BAD5F2}.Release|Any CPU.Build.0 = Release|Any CPU
		{BE3A5C3D-E544-4AAF-B2E8-EEB9BA0CE73E}.Debug|Any CPU.ActiveCfg = Debug|Any CPU
		{BE3A5C3D-E544-4AAF-B2E8-EEB9BA0CE73E}.Debug|Any CPU.Build.0 = Debug|Any CPU
		{BE3A5C3D-E544-4AAF-B2E8-EEB9BA0CE73E}.Release|Any CPU.ActiveCfg = Release|Any CPU
		{BE3A5C3D-E544-4AAF-B2E8-EEB9BA0CE73E}.Release|Any CPU.Build.0 = Release|Any CPU
		{53CCFFD1-147A-4CE9-A648-97E1F1D9277A}.Debug|Any CPU.ActiveCfg = Debug|Any CPU
		{53CCFFD1-147A-4CE9-A648-97E1F1D9277A}.Debug|Any CPU.Build.0 = Debug|Any CPU
		{53CCFFD1-147A-4CE9-A648-97E1F1D9277A}.Release|Any CPU.ActiveCfg = Release|Any CPU
		{53CCFFD1-147A-4CE9-A648-97E1F1D9277A}.Release|Any CPU.Build.0 = Release|Any CPU
		{F95A8C5B-E483-4F8D-A990-A9ADC707E556}.Debug|Any CPU.ActiveCfg = Debug|Any CPU
		{F95A8C5B-E483-4F8D-A990-A9ADC707E556}.Debug|Any CPU.Build.0 = Debug|Any CPU
		{F95A8C5B-E483-4F8D-A990-A9ADC707E556}.Release|Any CPU.ActiveCfg = Release|Any CPU
		{F95A8C5B-E483-4F8D-A990-A9ADC707E556}.Release|Any CPU.Build.0 = Release|Any CPU
		{64D81601-8FE9-4C3F-931E-46FF4FEBD6D4}.Debug|Any CPU.ActiveCfg = Debug|Any CPU
		{64D81601-8FE9-4C3F-931E-46FF4FEBD6D4}.Debug|Any CPU.Build.0 = Debug|Any CPU
		{64D81601-8FE9-4C3F-931E-46FF4FEBD6D4}.Release|Any CPU.ActiveCfg = Release|Any CPU
		{64D81601-8FE9-4C3F-931E-46FF4FEBD6D4}.Release|Any CPU.Build.0 = Release|Any CPU
	EndGlobalSection
	GlobalSection(SolutionProperties) = preSolution
		HideSolutionNode = FALSE
	EndGlobalSection
	GlobalSection(ExtensibilityGlobals) = postSolution
		SolutionGuid = {54FE955E-E3E6-42C0-A69C-4D21E15FC612}
	EndGlobalSection
EndGlobal
